
Microsoft Visual Studio Solution File, Format Version 12.00
# Visual Studio Version 17
VisualStudioVersion = 17.13.35828.75 d17.13
MinimumVisualStudioVersion = 10.0.40219.1
Project("{FAE04EC0-301F-11D3-BF4B-00C04F79EFBC}") = "SurfScoutBackend", "SurfScoutBackend\SurfScoutBackend.csproj", "{C186A093-E484-40C0-8411-216373D1554B}"
EndProject
Global
	GlobalSection(SolutionConfigurationPlatforms) = preSolution
		Debug|Any CPU = Debug|Any CPU
		Release|Any CPU = Release|Any CPU
	EndGlobalSection
	GlobalSection(ProjectConfigurationPlatforms) = postSolution
		{C186A093-E484-40C0-8411-216373D1554B}.Debug|Any CPU.ActiveCfg = Debug|Any CPU
		{C186A093-E484-40C0-8411-216373D1554B}.Debug|Any CPU.Build.0 = Debug|Any CPU
		{C186A093-E484-40C0-8411-216373D1554B}.Release|Any CPU.ActiveCfg = Release|Any CPU
		{C186A093-E484-40C0-8411-216373D1554B}.Release|Any CPU.Build.0 = Release|Any CPU
	EndGlobalSection
	GlobalSection(SolutionProperties) = preSolution
		HideSolutionNode = FALSE
	EndGlobalSection
	GlobalSection(ExtensibilityGlobals) = postSolution
		SolutionGuid = {8A07D298-D425-485B-83C0-8B5EF858EBF6}
	EndGlobalSection
EndGlobal
